version = 1
revision = 3
requires-python = ">=3.12"

[[package]]
name = "deltachat-rpc-client"
version = "2.36.0"
source = { registry = "https://pypi.org/simple" }
sdist = { url = "https://files.pythonhosted.org/packages/a5/85/528865d1318f91edc194c9ccb3cede4a000238653a6241917976203fc01d/deltachat_rpc_client-2.36.0.tar.gz", hash = "sha256:166a4d486b641f4c5a17cb75f9f76847bfdf306cfa43f31c32fcfb35a823e93f", size = 57595, upload-time = "2026-01-03T18:55:40.041Z" }
wheels = [
    { url = "https://files.pythonhosted.org/packages/b6/fe/4fab5941c91c05ade85caf664797fa0ae9416c17c160502a554c7a7f1a64/deltachat_rpc_client-2.36.0-py3-none-any.whl", hash = "sha256:d9792f8d6b9b0a527bec6cbf3f5f688d510282f73e8a35dc7b74dcc88183b0ec", size = 35479, upload-time = "2026-01-03T18:55:38.681Z" },
]

[[package]]
name = "deltachat-rpc-server"
version = "2.36.0"
source = { registry = "https://pypi.org/simple" }
wheels = [
    { url = "https://files.pythonhosted.org/packages/ab/bb/b09ab4139756000f68668ff598b39c4d6e2bdb4e62d556acb3dc05fa0bf0/deltachat_rpc_server-2.36.0-py3-none-android_21_arm64_v8a.whl", hash = "sha256:f14d829056d97ddd86e34940c95e1d4e4bfb72573cec13becb4c55aa141e40bb", size = 11372760, upload-time = "2026-01-03T19:39:59.965Z" },
    { url = "https://files.pythonhosted.org/packages/7b/1c/85f5a5c3e2e6226b24d37effab2362ddeeebb2d2d0e6ada491eb554c5449/deltachat_rpc_server-2.36.0-py3-none-android_21_armeabi_v7a.whl", hash = "sha256:b9e6d90bc2d066f3a74ce0a49206fb5babd11769206ade7d6b0e7bfddb36912d", size = 9655001, upload-time = "2026-01-03T19:40:02.012Z" },
    { url = "https://files.pythonhosted.org/packages/c1/2f/ac8667a0b7816108fbe382042c318adfb5f6fc7d721b561c74ff6e682988/deltachat_rpc_server-2.36.0-py3-none-linux_armv6l.whl", hash = "sha256:c3e358e3f9241e2d8bf73f288c86bdc7adac955af18f160ede14214eef25878c", size = 10483782, upload-time = "2026-01-03T19:40:04.325Z" },
    { url = "https://files.pythonhosted.org/packages/f4/27/8727659b3f3cb8572a415f534c5e4422f62725001afda90bda0ec04220dd/deltachat_rpc_server-2.36.0-py3-none-linux_armv7l.manylinux_2_17_armv7l.manylinux2014_armv7l.musllinux_1_1_armv7l.whl", hash = "sha256:5af43947afb88cfcc0804c5c79bb1bda34ece2582825d909ab969e7a0813eed9", size = 10379762, upload-time = "2026-01-03T19:40:06.533Z" },
    { url = "https://files.pythonhosted.org/packages/45/14/f53eb14430957387a1f66d016a0a7194d19847915ce2e1133ecf9aead4e0/deltachat_rpc_server-2.36.0-py3-none-macosx_10_7_x86_64.whl", hash = "sha256:53b6726d0b190fe62c49dd6da4a91bffcb13538fdcf2c841e5899bad97594f1d", size = 9984434, upload-time = "2026-01-03T19:40:08.404Z" },
    { url = "https://files.pythonhosted.org/packages/04/df/1e0cef811f71e3b45769c3b6deb526f5a0eba4ac2cd1c77d3c5ce1742b70/deltachat_rpc_server-2.36.0-py3-none-macosx_11_0_arm64.whl", hash = "sha256:f61cc9bc544699253f75a074373d44afb407825509f1eec3db70e19b53d7c8fd", size = 9763983, upload-time = "2026-01-03T19:40:10.209Z" },
    { url = "https://files.pythonhosted.org/packages/10/81/786906372ac02ddcfac002ed38dde648abc5b2a7f9c42fc31ca812691607/deltachat_rpc_server-2.36.0-py3-none-manylinux_2_12_i686.manylinux2010_i686.musllinux_1_1_i686.whl", hash = "sha256:4948d67b13c2ff13e5851f57b9bd960b7c3f475b863aee25d66fff9bb3bed4c8", size = 11097214, upload-time = "2026-01-03T19:40:12.417Z" },
    { url = "https://files.pythonhosted.org/packages/0c/ef/26d30b23eb00e6542e8d0065e12ffaf5259a4d442ce98108a7e09db5e036/deltachat_rpc_server-2.36.0-py3-none-manylinux_2_17_aarch64.manylinux2014_aarch64.musllinux_1_1_aarch64.whl", hash = "sha256:d25c18f674b70be4b162c3846a2b06665fea9944e6515ba150e743ed5b95c78c", size = 11332850, upload-time = "2026-01-03T19:40:14.703Z" },
    { url = "https://files.pythonhosted.org/packages/c1/08/527aec5037469d232513e61c9efbee6f61fab5009ab9ac25e7eb04909e4c/deltachat_rpc_server-2.36.0-py3-none-manylinux_2_17_x86_64.manylinux2014_x86_64.musllinux_1_1_x86_64.whl", hash = "sha256:722ec6006bd0ca0eaae05d026b8e0f78a2afd2372caecb059e027ae8434acd3b", size = 11654339, upload-time = "2026-01-03T19:40:16.627Z" },
    { url = "https://files.pythonhosted.org/packages/f7/22/f91c28dfbe1df90c38f08035d3a7a3c488c524e3f86893455a0352544d8b/deltachat_rpc_server-2.36.0-py3-none-win32.whl", hash = "sha256:981a22330b29df04b2b4bb0217f8c2ac1eae4206f8054a408c634afdccd7f9f7", size = 10449210, upload-time = "2026-01-03T19:40:18.882Z" },
    { url = "https://files.pythonhosted.org/packages/dd/a4/fa53aa9ff5ec358f18045877776f60422a592b33e9eb13c825afe5f203f1/deltachat_rpc_server-2.36.0-py3-none-win_amd64.whl", hash = "sha256:4d2247ec677329c0891a22b58f24606d4a1dc3c556f979389f1eeb1312f5d4b0", size = 10471105, upload-time = "2026-01-03T19:40:21.059Z" },
]

[[package]]
name = "team-bot"
version = "0.1.0"
source = { virtual = "." }
dependencies = [
    { name = "deltachat-rpc-client" },
    { name = "deltachat-rpc-server" },
]

[package.metadata]
requires-dist = [
    { name = "deltachat-rpc-client", specifier = ">=2.36.0" },
    { name = "deltachat-rpc-server", specifier = ">=2.36.0" },
]
